
Microsoft Visual Studio Solution File, Format Version 12.00
# Visual Studio Version 17
VisualStudioVersion = 17.2.32526.322
MinimumVisualStudioVersion = 10.0.40219.1
Project("{FAE04EC0-301F-11D3-BF4B-00C04F79EFBC}") = "Problem1", "Problem1\Problem1.csproj", "{F4BEA9DE-8697-471F-94A6-E9A2443D36E5}"
EndProject
Global
	GlobalSection(SolutionConfigurationPlatforms) = preSolution
		Debug|Any CPU = Debug|Any CPU
		Release|Any CPU = Release|Any CPU
	EndGlobalSection
	GlobalSection(ProjectConfigurationPlatforms) = postSolution
		{F4BEA9DE-8697-471F-94A6-E9A2443D36E5}.Debug|Any CPU.ActiveCfg = Debug|Any CPU
		{F4BEA9DE-8697-471F-94A6-E9A2443D36E5}.Debug|Any CPU.Build.0 = Debug|Any CPU
		{F4BEA9DE-8697-471F-94A6-E9A2443D36E5}.Release|Any CPU.ActiveCfg = Release|Any CPU
		{F4BEA9DE-8697-471F-94A6-E9A2443D36E5}.Release|Any CPU.Build.0 = Release|Any CPU
	EndGlobalSection
	GlobalSection(SolutionProperties) = preSolution
		HideSolutionNode = FALSE
	EndGlobalSection
	GlobalSection(ExtensibilityGlobals) = postSolution
		SolutionGuid = {3C21A2D6-601D-40EE-B469-43ED0B5B8C0F}
	EndGlobalSection
EndGlobal
